
Microsoft Visual Studio Solution File, Format Version 12.00
# Visual Studio Version 17
VisualStudioVersion = 17.14.36203.30 d17.14
MinimumVisualStudioVersion = 10.0.40219.1
Project("{FAE04EC0-301F-11D3-BF4B-00C04F79EFBC}") = "IterationAndRecursion", "IterationAndRecursion\IterationAndRecursion.csproj", "{3063E1CA-8321-490C-989B-D8B98056E86A}"
EndProject
Global
	GlobalSection(SolutionConfigurationPlatforms) = preSolution
		Debug|Any CPU = Debug|Any CPU
		Release|Any CPU = Release|Any CPU
	EndGlobalSection
	GlobalSection(ProjectConfigurationPlatforms) = postSolution
		{3063E1CA-8321-490C-989B-D8B98056E86A}.Debug|Any CPU.ActiveCfg = Debug|Any CPU
		{3063E1CA-8321-490C-989B-D8B98056E86A}.Debug|Any CPU.Build.0 = Debug|Any CPU
		{3063E1CA-8321-490C-989B-D8B98056E86A}.Release|Any CPU.ActiveCfg = Release|Any CPU
		{3063E1CA-8321-490C-989B-D8B98056E86A}.Release|Any CPU.Build.0 = Release|Any CPU
	EndGlobalSection
	GlobalSection(SolutionProperties) = preSolution
		HideSolutionNode = FALSE
	EndGlobalSection
	GlobalSection(ExtensibilityGlobals) = postSolution
		SolutionGuid = {509D6D26-6D53-4AC0-92F8-87CC817EF1B4}
	EndGlobalSection
EndGlobal
